
Microsoft Visual Studio Solution File, Format Version 12.00
# Visual Studio Version 17
VisualStudioVersion = 17.14.36301.6 d17.14
MinimumVisualStudioVersion = 10.0.40219.1
Project("{FAE04EC0-301F-11D3-BF4B-00C04F79EFBC}") = "assignment7.1", "assignment7.1\assignment7.1.csproj", "{D8E18722-C0AF-49C7-9A39-327B2FB04ED3}"
EndProject
Project("{FAE04EC0-301F-11D3-BF4B-00C04F79EFBC}") = "assignment7.2", "assignment7.2\assignment7.2.csproj", "{9EFAEFDA-B768-4147-A682-7849F9DEB9D3}"
EndProject
Global
	GlobalSection(SolutionConfigurationPlatforms) = preSolution
		Debug|Any CPU = Debug|Any CPU
		Release|Any CPU = Release|Any CPU
	EndGlobalSection
	GlobalSection(ProjectConfigurationPlatforms) = postSolution
		{D8E18722-C0AF-49C7-9A39-327B2FB04ED3}.Debug|Any CPU.ActiveCfg = Debug|Any CPU
		{D8E18722-C0AF-49C7-9A39-327B2FB04ED3}.Debug|Any CPU.Build.0 = Debug|Any CPU
		{D8E18722-C0AF-49C7-9A39-327B2FB04ED3}.Release|Any CPU.ActiveCfg = Release|Any CPU
		{D8E18722-C0AF-49C7-9A39-327B2FB04ED3}.Release|Any CPU.Build.0 = Release|Any CPU
		{9EFAEFDA-B768-4147-A682-7849F9DEB9D3}.Debug|Any CPU.ActiveCfg = Debug|Any CPU
		{9EFAEFDA-B768-4147-A682-7849F9DEB9D3}.Debug|Any CPU.Build.0 = Debug|Any CPU
		{9EFAEFDA-B768-4147-A682-7849F9DEB9D3}.Release|Any CPU.ActiveCfg = Release|Any CPU
		{9EFAEFDA-B768-4147-A682-7849F9DEB9D3}.Release|Any CPU.Build.0 = Release|Any CPU
	EndGlobalSection
	GlobalSection(SolutionProperties) = preSolution
		HideSolutionNode = FALSE
	EndGlobalSection
	GlobalSection(ExtensibilityGlobals) = postSolution
		SolutionGuid = {A966324D-679B-4F16-9FA1-3A06C36AA1EF}
	EndGlobalSection
EndGlobal
