
Microsoft Visual Studio Solution File, Format Version 12.00
# Visual Studio Version 17
VisualStudioVersion = 17.14.36301.6
MinimumVisualStudioVersion = 10.0.40219.1
Project("{FAE04EC0-301F-11D3-BF4B-00C04F79EFBC}") = "assignment13", "assignment13\assignment13.csproj", "{759EBA7A-4079-45B6-9B16-114D46EB8845}"
EndProject
Project("{FAE04EC0-301F-11D3-BF4B-00C04F79EFBC}") = "assignmnet13.2", "assignmnet13.2\assignmnet13.2.csproj", "{623C7053-A4A8-4800-8AC9-58B3048C9A51}"
EndProject
Project("{FAE04EC0-301F-11D3-BF4B-00C04F79EFBC}") = "assignment13.3", "assignment13.3\assignment13.3.csproj", "{45F4A85C-6CD5-477A-94EA-42D54DD04164}"
EndProject
Global
	GlobalSection(SolutionConfigurationPlatforms) = preSolution
		Debug|Any CPU = Debug|Any CPU
		Release|Any CPU = Release|Any CPU
	EndGlobalSection
	GlobalSection(ProjectConfigurationPlatforms) = postSolution
		{759EBA7A-4079-45B6-9B16-114D46EB8845}.Debug|Any CPU.ActiveCfg = Debug|Any CPU
		{759EBA7A-4079-45B6-9B16-114D46EB8845}.Debug|Any CPU.Build.0 = Debug|Any CPU
		{759EBA7A-4079-45B6-9B16-114D46EB8845}.Release|Any CPU.ActiveCfg = Release|Any CPU
		{759EBA7A-4079-45B6-9B16-114D46EB8845}.Release|Any CPU.Build.0 = Release|Any CPU
		{623C7053-A4A8-4800-8AC9-58B3048C9A51}.Debug|Any CPU.ActiveCfg = Debug|Any CPU
		{623C7053-A4A8-4800-8AC9-58B3048C9A51}.Debug|Any CPU.Build.0 = Debug|Any CPU
		{623C7053-A4A8-4800-8AC9-58B3048C9A51}.Release|Any CPU.ActiveCfg = Release|Any CPU
		{623C7053-A4A8-4800-8AC9-58B3048C9A51}.Release|Any CPU.Build.0 = Release|Any CPU
		{45F4A85C-6CD5-477A-94EA-42D54DD04164}.Debug|Any CPU.ActiveCfg = Debug|Any CPU
		{45F4A85C-6CD5-477A-94EA-42D54DD04164}.Debug|Any CPU.Build.0 = Debug|Any CPU
		{45F4A85C-6CD5-477A-94EA-42D54DD04164}.Release|Any CPU.ActiveCfg = Release|Any CPU
		{45F4A85C-6CD5-477A-94EA-42D54DD04164}.Release|Any CPU.Build.0 = Release|Any CPU
	EndGlobalSection
	GlobalSection(SolutionProperties) = preSolution
		HideSolutionNode = FALSE
	EndGlobalSection
	GlobalSection(ExtensibilityGlobals) = postSolution
		SolutionGuid = {69C0D717-69D1-425D-A287-BB69CBD8E99D}
	EndGlobalSection
EndGlobal
