
Microsoft Visual Studio Solution File, Format Version 12.00
# Visual Studio Version 17
VisualStudioVersion = 17.14.36301.6
MinimumVisualStudioVersion = 10.0.40219.1
Project("{FAE04EC0-301F-11D3-BF4B-00C04F79EFBC}") = "Assignment 6.1", "Assignment 6\Assignment 6.1.csproj", "{6D7BC614-F5EE-4147-AEEE-0D36E6AA409C}"
EndProject
Project("{FAE04EC0-301F-11D3-BF4B-00C04F79EFBC}") = "assignmnet6.2", "assignmnet6.2\assignmnet6.2.csproj", "{173773A2-FB88-4606-8902-132F89D86821}"
EndProject
Project("{FAE04EC0-301F-11D3-BF4B-00C04F79EFBC}") = "assignment6.3", "assignment6.3\assignment6.3.csproj", "{8AE66CCA-5F1C-4BC7-B9F9-590112723CDA}"
EndProject
Global
	GlobalSection(SolutionConfigurationPlatforms) = preSolution
		Debug|Any CPU = Debug|Any CPU
		Release|Any CPU = Release|Any CPU
	EndGlobalSection
	GlobalSection(ProjectConfigurationPlatforms) = postSolution
		{6D7BC614-F5EE-4147-AEEE-0D36E6AA409C}.Debug|Any CPU.ActiveCfg = Debug|Any CPU
		{6D7BC614-F5EE-4147-AEEE-0D36E6AA409C}.Debug|Any CPU.Build.0 = Debug|Any CPU
		{6D7BC614-F5EE-4147-AEEE-0D36E6AA409C}.Release|Any CPU.ActiveCfg = Release|Any CPU
		{6D7BC614-F5EE-4147-AEEE-0D36E6AA409C}.Release|Any CPU.Build.0 = Release|Any CPU
		{173773A2-FB88-4606-8902-132F89D86821}.Debug|Any CPU.ActiveCfg = Debug|Any CPU
		{173773A2-FB88-4606-8902-132F89D86821}.Debug|Any CPU.Build.0 = Debug|Any CPU
		{173773A2-FB88-4606-8902-132F89D86821}.Release|Any CPU.ActiveCfg = Release|Any CPU
		{173773A2-FB88-4606-8902-132F89D86821}.Release|Any CPU.Build.0 = Release|Any CPU
		{8AE66CCA-5F1C-4BC7-B9F9-590112723CDA}.Debug|Any CPU.ActiveCfg = Debug|Any CPU
		{8AE66CCA-5F1C-4BC7-B9F9-590112723CDA}.Debug|Any CPU.Build.0 = Debug|Any CPU
		{8AE66CCA-5F1C-4BC7-B9F9-590112723CDA}.Release|Any CPU.ActiveCfg = Release|Any CPU
		{8AE66CCA-5F1C-4BC7-B9F9-590112723CDA}.Release|Any CPU.Build.0 = Release|Any CPU
	EndGlobalSection
	GlobalSection(SolutionProperties) = preSolution
		HideSolutionNode = FALSE
	EndGlobalSection
	GlobalSection(ExtensibilityGlobals) = postSolution
		SolutionGuid = {B6C6EFBE-B05E-4917-9AB6-9CC7EC8506AA}
	EndGlobalSection
EndGlobal
