
Microsoft Visual Studio Solution File, Format Version 12.00
# Visual Studio Version 17
VisualStudioVersion = 17.14.36301.6 d17.14
MinimumVisualStudioVersion = 10.0.40219.1
Project("{FAE04EC0-301F-11D3-BF4B-00C04F79EFBC}") = "assignmnet12.1", "assignmnet12\assignmnet12.1.csproj", "{931807AA-86D0-40C9-872B-8C756D11A63C}"
EndProject
Project("{FAE04EC0-301F-11D3-BF4B-00C04F79EFBC}") = "Assignment12.2", "Assignment12.2\Assignment12.2.csproj", "{949766BD-C99B-4CFF-85DF-9A75E21C07A3}"
EndProject
Global
	GlobalSection(SolutionConfigurationPlatforms) = preSolution
		Debug|Any CPU = Debug|Any CPU
		Release|Any CPU = Release|Any CPU
	EndGlobalSection
	GlobalSection(ProjectConfigurationPlatforms) = postSolution
		{931807AA-86D0-40C9-872B-8C756D11A63C}.Debug|Any CPU.ActiveCfg = Debug|Any CPU
		{931807AA-86D0-40C9-872B-8C756D11A63C}.Debug|Any CPU.Build.0 = Debug|Any CPU
		{931807AA-86D0-40C9-872B-8C756D11A63C}.Release|Any CPU.ActiveCfg = Release|Any CPU
		{931807AA-86D0-40C9-872B-8C756D11A63C}.Release|Any CPU.Build.0 = Release|Any CPU
		{949766BD-C99B-4CFF-85DF-9A75E21C07A3}.Debug|Any CPU.ActiveCfg = Debug|Any CPU
		{949766BD-C99B-4CFF-85DF-9A75E21C07A3}.Debug|Any CPU.Build.0 = Debug|Any CPU
		{949766BD-C99B-4CFF-85DF-9A75E21C07A3}.Release|Any CPU.ActiveCfg = Release|Any CPU
		{949766BD-C99B-4CFF-85DF-9A75E21C07A3}.Release|Any CPU.Build.0 = Release|Any CPU
	EndGlobalSection
	GlobalSection(SolutionProperties) = preSolution
		HideSolutionNode = FALSE
	EndGlobalSection
	GlobalSection(ExtensibilityGlobals) = postSolution
		SolutionGuid = {C8674147-F558-4C60-98EB-F48A86F557E5}
	EndGlobalSection
EndGlobal
